
Microsoft Visual Studio Solution File, Format Version 12.00
# Visual Studio Version 16
VisualStudioVersion = 16.0.29418.71
MinimumVisualStudioVersion = 10.0.40219.1
Project("{9A19103F-16F7-4668-BE54-9A1E7A4F7556}") = "AlarmRegistrationSystem", "AlarmRegistrationSystem\AlarmRegistrationSystem.csproj", "{869924CD-171E-459C-819A-28981F3BB438}"
EndProject
Project("{FAE04EC0-301F-11D3-BF4B-00C04F79EFBC}") = "AlarmRegistrationSystem.Tests", "AlarmRegistrationSystem.Tests\AlarmRegistrationSystem.Tests.csproj", "{C651E094-380A-4BB1-BDD6-8C28AA322709}"
EndProject
Global
	GlobalSection(SolutionConfigurationPlatforms) = preSolution
		Debug|Any CPU = Debug|Any CPU
		Release|Any CPU = Release|Any CPU
	EndGlobalSection
	GlobalSection(ProjectConfigurationPlatforms) = postSolution
		{869924CD-171E-459C-819A-28981F3BB438}.Debug|Any CPU.ActiveCfg = Debug|Any CPU
		{869924CD-171E-459C-819A-28981F3BB438}.Debug|Any CPU.Build.0 = Debug|Any CPU
		{869924CD-171E-459C-819A-28981F3BB438}.Release|Any CPU.ActiveCfg = Release|Any CPU
		{869924CD-171E-459C-819A-28981F3BB438}.Release|Any CPU.Build.0 = Release|Any CPU
		{C651E094-380A-4BB1-BDD6-8C28AA322709}.Debug|Any CPU.ActiveCfg = Debug|Any CPU
		{C651E094-380A-4BB1-BDD6-8C28AA322709}.Debug|Any CPU.Build.0 = Debug|Any CPU
		{C651E094-380A-4BB1-BDD6-8C28AA322709}.Release|Any CPU.ActiveCfg = Release|Any CPU
		{C651E094-380A-4BB1-BDD6-8C28AA322709}.Release|Any CPU.Build.0 = Release|Any CPU
	EndGlobalSection
	GlobalSection(SolutionProperties) = preSolution
		HideSolutionNode = FALSE
	EndGlobalSection
	GlobalSection(ExtensibilityGlobals) = postSolution
		SolutionGuid = {3108A1D4-B42E-455E-9C0D-A675A807A32A}
	EndGlobalSection
EndGlobal
